
Microsoft Visual Studio Solution File, Format Version 12.00
# Visual Studio 15
VisualStudioVersion = 15.0.27428.2037
MinimumVisualStudioVersion = 10.0.40219.1
Project("{FAE04EC0-301F-11D3-BF4B-00C04F79EFBC}") = "FrontEndBA", "FrontEndBA\FrontEndBA.csproj", "{B7047715-2B8E-4B2A-AC5F-32E2A41CD903}"
EndProject
Global
	GlobalSection(SolutionConfigurationPlatforms) = preSolution
		Debug|Any CPU = Debug|Any CPU
		Release|Any CPU = Release|Any CPU
	EndGlobalSection
	GlobalSection(ProjectConfigurationPlatforms) = postSolution
		{B7047715-2B8E-4B2A-AC5F-32E2A41CD903}.Debug|Any CPU.ActiveCfg = Debug|Any CPU
		{B7047715-2B8E-4B2A-AC5F-32E2A41CD903}.Debug|Any CPU.Build.0 = Debug|Any CPU
		{B7047715-2B8E-4B2A-AC5F-32E2A41CD903}.Release|Any CPU.ActiveCfg = Release|Any CPU
		{B7047715-2B8E-4B2A-AC5F-32E2A41CD903}.Release|Any CPU.Build.0 = Release|Any CPU
	EndGlobalSection
	GlobalSection(SolutionProperties) = preSolution
		HideSolutionNode = FALSE
	EndGlobalSection
	GlobalSection(ExtensibilityGlobals) = postSolution
		SolutionGuid = {7DACF9CE-F4FF-457F-B7A2-B45DABD09FE1}
	EndGlobalSection
EndGlobal
